Microsoft Visual Studio Solution File, Format Version 12.00
# Visual Studio 15
VisualStudioVersion = 15.0.26124.0
MinimumVisualStudioVersion = 15.0.26124.0
Project("{9A19103F-16F7-4668-BE54-9A1E7A4F7556}") = "Cake.PickAndRoll", "src\Cake.PickAndRoll\Cake.PickAndRoll.csproj", "{42F33EA3-D319-47D3-8AA2-BC9F02BA9C45}"
EndProject
Project("{9A19103F-16F7-4668-BE54-9A1E7A4F7556}") = "PickAndRoll", "src\PickAndRoll\PickAndRoll.csproj", "{5909BDFB-85B1-443A-BA0A-295CC8593241}"
EndProject
Project("{9A19103F-16F7-4668-BE54-9A1E7A4F7556}") = "PickAndRoll.Runner", "src\PickAndRoll.Runner\PickAndRoll.Runner.csproj", "{244FD023-B5EA-467D-9346-53B4A627BB43}"
EndProject
Global
	GlobalSection(SolutionConfigurationPlatforms) = preSolution
		Debug|Any CPU = Debug|Any CPU
		Debug|x64 = Debug|x64
		Debug|x86 = Debug|x86
		Release|Any CPU = Release|Any CPU
		Release|x64 = Release|x64
		Release|x86 = Release|x86
	EndGlobalSection
	GlobalSection(ProjectConfigurationPlatforms) = postSolution
		{42F33EA3-D319-47D3-8AA2-BC9F02BA9C45}.Debug|Any CPU.ActiveCfg = Debug|Any CPU
		{42F33EA3-D319-47D3-8AA2-BC9F02BA9C45}.Debug|Any CPU.Build.0 = Debug|Any CPU
		{42F33EA3-D319-47D3-8AA2-BC9F02BA9C45}.Debug|x64.ActiveCfg = Debug|Any CPU
		{42F33EA3-D319-47D3-8AA2-BC9F02BA9C45}.Debug|x64.Build.0 = Debug|Any CPU
		{42F33EA3-D319-47D3-8AA2-BC9F02BA9C45}.Debug|x86.ActiveCfg = Debug|Any CPU
		{42F33EA3-D319-47D3-8AA2-BC9F02BA9C45}.Debug|x86.Build.0 = Debug|Any CPU
		{42F33EA3-D319-47D3-8AA2-BC9F02BA9C45}.Release|Any CPU.ActiveCfg = Release|Any CPU
		{42F33EA3-D319-47D3-8AA2-BC9F02BA9C45}.Release|Any CPU.Build.0 = Release|Any CPU
		{42F33EA3-D319-47D3-8AA2-BC9F02BA9C45}.Release|x64.ActiveCfg = Release|Any CPU
		{42F33EA3-D319-47D3-8AA2-BC9F02BA9C45}.Release|x64.Build.0 = Release|Any CPU
		{42F33EA3-D319-47D3-8AA2-BC9F02BA9C45}.Release|x86.ActiveCfg = Release|Any CPU
		{42F33EA3-D319-47D3-8AA2-BC9F02BA9C45}.Release|x86.Build.0 = Release|Any CPU
		{5909BDFB-85B1-443A-BA0A-295CC8593241}.Debug|Any CPU.ActiveCfg = Debug|Any CPU
		{5909BDFB-85B1-443A-BA0A-295CC8593241}.Debug|Any CPU.Build.0 = Debug|Any CPU
		{5909BDFB-85B1-443A-BA0A-295CC8593241}.Debug|x64.ActiveCfg = Debug|Any CPU
		{5909BDFB-85B1-443A-BA0A-295CC8593241}.Debug|x64.Build.0 = Debug|Any CPU
		{5909BDFB-85B1-443A-BA0A-295CC8593241}.Debug|x86.ActiveCfg = Debug|Any CPU
		{5909BDFB-85B1-443A-BA0A-295CC8593241}.Debug|x86.Build.0 = Debug|Any CPU
		{5909BDFB-85B1-443A-BA0A-295CC8593241}.Release|Any CPU.ActiveCfg = Release|Any CPU
		{5909BDFB-85B1-443A-BA0A-295CC8593241}.Release|Any CPU.Build.0 = Release|Any CPU
		{5909BDFB-85B1-443A-BA0A-295CC8593241}.Release|x64.ActiveCfg = Release|Any CPU
		{5909BDFB-85B1-443A-BA0A-295CC8593241}.Release|x64.Build.0 = Release|Any CPU
		{5909BDFB-85B1-443A-BA0A-295CC8593241}.Release|x86.ActiveCfg = Release|Any CPU
		{5909BDFB-85B1-443A-BA0A-295CC8593241}.Release|x86.Build.0 = Release|Any CPU
		{244FD023-B5EA-467D-9346-53B4A627BB43}.Debug|Any CPU.ActiveCfg = Debug|Any CPU
		{244FD023-B5EA-467D-9346-53B4A627BB43}.Debug|Any CPU.Build.0 = Debug|Any CPU
		{244FD023-B5EA-467D-9346-53B4A627BB43}.Debug|x64.ActiveCfg = Debug|Any CPU
		{244FD023-B5EA-467D-9346-53B4A627BB43}.Debug|x64.Build.0 = Debug|Any CPU
		{244FD023-B5EA-467D-9346-53B4A627BB43}.Debug|x86.ActiveCfg = Debug|Any CPU
		{244FD023-B5EA-467D-9346-53B4A627BB43}.Debug|x86.Build.0 = Debug|Any CPU
		{244FD023-B5EA-467D-9346-53B4A627BB43}.Release|Any CPU.ActiveCfg = Release|Any CPU
		{244FD023-B5EA-467D-9346-53B4A627BB43}.Release|Any CPU.Build.0 = Release|Any CPU
		{244FD023-B5EA-467D-9346-53B4A627BB43}.Release|x64.ActiveCfg = Release|Any CPU
		{244FD023-B5EA-467D-9346-53B4A627BB43}.Release|x64.Build.0 = Release|Any CPU
		{244FD023-B5EA-467D-9346-53B4A627BB43}.Release|x86.ActiveCfg = Release|Any CPU
		{244FD023-B5EA-467D-9346-53B4A627BB43}.Release|x86.Build.0 = Release|Any CPU
	EndGlobalSection
	GlobalSection(SolutionProperties) = preSolution
		HideSolutionNode = FALSE
	EndGlobalSection
	GlobalSection(ExtensibilityGlobals) = postSolution
		SolutionGuid = {0F535E3D-946A-425F-B300-15D61000BA2C}
	EndGlobalSection
EndGlobal
